// !$*UTF8*$!
{
	archiveVersion = 1;
	classes = {
	};
	objectVersion = 46;
	objects = {

/* Begin PBXBuildFile section */
		62728AA31C0EAF2300CA8506 /* AppDelegate.swift in Sources */ = {isa = PBXBuildFile; fileRef = 62728AA21C0EAF2300CA8506 /* AppDelegate.swift */; };
		62728AA51C0EAF2300CA8506 /* ViewController.swift in Sources */ = {isa = PBXBuildFile; fileRef = 62728AA41C0EAF2300CA8506 /* ViewController.swift */; };
		62728AA81C0EAF2300CA8506 /* Main.storyboard in Resources */ = {isa = PBXBuildFile; fileRef = 62728AA61C0EAF2300CA8506 /* Main.storyboard */; };
		62728AAA1C0EAF2300CA8506 /* Assets.xcassets in Resources */ = {isa = PBXBuildFile; fileRef = 62728AA91C0EAF2300CA8506 /* Assets.xcassets */; };
		62728AAD1C0EAF2300CA8506 /* LaunchScreen.storyboard in Resources */ = {isa = PBXBuildFile; fileRef = 62728AAB1C0EAF2300CA8506 /* LaunchScreen.storyboard */; };
		62728AB81C0EAF2300CA8506 /* trackingTests.swift in Sources */ = {isa = PBXBuildFile; fileRef = 62728AB71C0EAF2300CA8506 /* trackingTests.swift */; };
		62728AC31C0EAF2300CA8506 /* trackingUITests.swift in Sources */ = {isa = PBXBuildFile; fileRef = 62728AC21C0EAF2300CA8506 /* trackingUITests.swift */; };
/* End PBXBuildFile section */

/* Begin PBXContainerItemProxy section */
		62728AB41C0EAF2300CA8506 /* PBXContainerItemProxy */ = {
			isa = PBXContainerItemProxy;
			containerPortal = 62728A971C0EAF2300CA8506 /* Project object */;
			proxyType = 1;
			remoteGlobalIDString = 62728A9E1C0EAF2300CA8506;
			remoteInfo = tracking;
		};
		62728ABF1C0EAF2300CA8506 /* PBXContainerItemProxy */ = {
			isa = PBXContainerItemProxy;
			containerPortal = 62728A971C0EAF2300CA8506 /* Project object */;
			proxyType = 1;
			remoteGlobalIDString = 62728A9E1C0EAF2300CA8506;
			remoteInfo = tracking;
		};
/* End PBXContainerItemProxy section */

/* Begin PBXFileReference section */
		62728A9F1C0EAF2300CA8506 /* tracking.app */ = {isa = PBXFileReference; explicitFileType = wrapper.application; includeInIndex = 0; path = tracking.app; sourceTree = BUILT_PRODUCTS_DIR; };
		62728AA21C0EAF2300CA8506 /* AppDelegate.swift */ = {isa = PBXFileReference; lastKnownFileType = sourcecode.swift; path = AppDelegate.swift; sourceTree = "<group>"; };
		62728AA41C0EAF2300CA8506 /* ViewController.swift */ = {isa = PBXFileReference; lastKnownFileType = sourcecode.swift; path = ViewController.swift; sourceTree = "<group>"; };
		62728AA71C0EAF2300CA8506 /* Base */ = {isa = PBXFileReference; lastKnownFileType = file.storyboard; name = Base; path = Base.lproj/Main.storyboard; sourceTree = "<group>"; };
		62728AA91C0EAF2300CA8506 /* Assets.xcassets */ = {isa = PBXFileReference; lastKnownFileType = folder.assetcatalog; path = Assets.xcassets; sourceTree = "<group>"; };
		62728AAC1C0EAF2300CA8506 /* Base */ = {isa = PBXFileReference; lastKnownFileType = file.storyboard; name = Base; path = Base.lproj/LaunchScreen.storyboard; sourceTree = "<group>"; };
		62728AAE1C0EAF2300CA8506 /* Info.plist */ = {isa = PBXFileReference; lastKnownFileType = text.plist.xml; path = Info.plist; sourceTree = "<group>"; };
		62728AB31C0EAF2300CA8506 /* trackingTests.xctest */ = {isa = PBXFileReference; explicitFileType = wrapper.cfbundle; includeInIndex = 0; path = trackingTests.xctest; sourceTree = BUILT_PRODUCTS_DIR; };
		62728AB71C0EAF2300CA8506 /* trackingTests.swift */ = {isa = PBXFileReference; lastKnownFileType = sourcecode.swift; path = trackingTests.swift; sourceTree = "<group>"; };
		62728AB91C0EAF2300CA8506 /* Info.plist */ = {isa = PBXFileReference; lastKnownFileType = text.plist.xml; path = Info.plist; sourceTree = "<group>"; };
		62728ABE1C0EAF2300CA8506 /* trackingUITests.xctest */ = {isa = PBXFileReference; explicitFileType = wrapper.cfbundle; includeInIndex = 0; path = trackingUITests.xctest; sourceTree = BUILT_PRODUCTS_DIR; };
		62728AC21C0EAF2300CA8506 /* trackingUITests.swift */ = {isa = PBXFileReference; lastKnownFileType = sourcecode.swift; path = trackingUITests.swift; sourceTree = "<group>"; };
		62728AC41C0EAF2300CA8506 /* Info.plist */ = {isa = PBXFileReference; lastKnownFileType = text.plist.xml; path = Info.plist; sourceTree = "<group>"; };
/* End PBXFileReference section */

/* Begin PBXFrameworksBuildPhase section */
		62728A9C1C0EAF2300CA8506 /* Frameworks */ = {
			isa = PBXFrameworksBuildPhase;
			buildActionMask = 2147483647;
			files = (
			);
			runOnlyForDeploymentPostprocessing = 0;
		};
		62728AB01C0EAF2300CA8506 /* Frameworks */ = {
			isa = PBXFrameworksBuildPhase;
			buildActionMask = 2147483647;
			files = (
			);
			runOnlyForDeploymentPostprocessing = 0;
		};
		62728ABB1C0EAF2300CA8506 /* Frameworks */ = {
			isa = PBXFrameworksBuildPhase;
			buildActionMask = 2147483647;
			files = (
			);
			runOnlyForDeploymentPostprocessing = 0;
		};
/* End PBXFrameworksBuildPhase section */

/* Begin PBXGroup section */
		62728A961C0EAF2300CA8506 = {
			isa = PBXGroup;
			children = (
				62728AA11C0EAF2300CA8506 /* tracking */,
				62728AB61C0EAF2300CA8506 /* trackingTests */,
				62728AC11C0EAF2300CA8506 /* trackingUITests */,
				62728AA01C0EAF2300CA8506 /* Products */,
			);
			sourceTree = "<group>";
		};
		62728AA01C0EAF2300CA8506 /* Products */ = {
			isa = PBXGroup;
			children = (
				62728A9F1C0EAF2300CA8506 /* tracking.app */,
				62728AB31C0EAF2300CA8506 /* trackingTests.xctest */,
				62728ABE1C0EAF2300CA8506 /* trackingUITests.xctest */,
			);
			name = Products;
			sourceTree = "<group>";
		};
		62728AA11C0EAF2300CA8506 /* tracking */ = {
			isa = PBXGroup;
			children = (
				62728AA21C0EAF2300CA8506 /* AppDelegate.swift */,
				62728AA41C0EAF2300CA8506 /* ViewController.swift */,
				62728AA61C0EAF2300CA8506 /* Main.storyboard */,
				62728AA91C0EAF2300CA8506 /* Assets.xcassets */,
				62728AAB1C0EAF2300CA8506 /* LaunchScreen.storyboard */,
				62728AAE1C0EAF2300CA8506 /* Info.plist */,
			);
			path = tracking;
			sourceTree = "<group>";
		};
		62728AB61C0EAF2300CA8506 /* trackingTests */ = {
			isa = PBXGroup;
			children = (
				62728AB71C0EAF2300CA8506 /* trackingTests.swift */,
				62728AB91C0EAF2300CA8506 /* Info.plist */,
			);
			path = trackingTests;
			sourceTree = "<group>";
		};
		62728AC11C0EAF2300CA8506 /* trackingUITests */ = {
			isa = PBXGroup;
			children = (
				62728AC21C0EAF2300CA8506 /* trackingUITests.swift */,
				62728AC41C0EAF2300CA8506 /* Info.plist */,
			);
			path = trackingUITests;
			sourceTree = "<group>";
		};
/* End PBXGroup section */

/* Begin PBXNativeTarget section */
		62728A9E1C0EAF2300CA8506 /* tracking */ = {
			isa = PBXNativeTarget;
			buildConfigurationList = 62728AC71C0EAF2300CA8506 /* Build configuration list for PBXNativeTarget "tracking" */;
			buildPhases = (
				62728A9B1C0EAF2300CA8506 /* Sources */,
				62728A9C1C0EAF2300CA8506 /* Frameworks */,
				62728A9D1C0EAF2300CA8506 /* Resources */,
			);
			buildRules = (
			);
			dependencies = (
			);
			name = tracking;
			productName = tracking;
			productReference = 62728A9F1C0EAF2300CA8506 /* tracking.app */;
			productType = "com.apple.product-type.application";
		};
		62728AB21C0EAF2300CA8506 /* trackingTests */ = {
			isa = PBXNativeTarget;
			buildConfigurationList = 62728ACA1C0EAF2300CA8506 /* Build configuration list for PBXNativeTarget "trackingTests" */;
			buildPhases = (
				62728AAF1C0EAF2300CA8506 /* Sources */,
				62728AB01C0EAF2300CA8506 /* Frameworks */,
				62728AB11C0EAF2300CA8506 /* Resources */,
			);
			buildRules = (
			);
			dependencies = (
				62728AB51C0EAF2300CA8506 /* PBXTargetDependency */,
			);
			name = trackingTests;
			productName = trackingTests;
			productReference = 62728AB31C0EAF2300CA8506 /* trackingTests.xctest */;
			productType = "com.apple.product-type.bundle.unit-test";
		};
		62728ABD1C0EAF2300CA8506 /* trackingUITests */ = {
			isa = PBXNativeTarget;
			buildConfigurationList = 62728ACD1C0EAF2300CA8506 /* Build configuration list for PBXNativeTarget "trackingUITests" */;
			buildPhases = (
				62728ABA1C0EAF2300CA8506 /* Sources */,
				62728ABB1C0EAF2300CA8506 /* Frameworks */,
				62728ABC1C0EAF2300CA8506 /* Resources */,
			);
			buildRules = (
			);
			dependencies = (
				62728AC01C0EAF2300CA8506 /* PBXTargetDependency */,
			);
			name = trackingUITests;
			productName = trackingUITests;
			productReference = 62728ABE1C0EAF2300CA8506 /* trackingUITests.xctest */;
			productType = "com.apple.product-type.bundle.ui-testing";
		};
/* End PBXNativeTarget section */

/* Begin PBXProject section */
		62728A971C0EAF2300CA8506 /* Project object */ = {
			isa = PBXProject;
			attributes = {
				LastSwiftUpdateCheck = 0710;
				LastUpgradeCheck = 0710;
				ORGANIZATIONNAME = "Reason?";
				TargetAttributes = {
					62728A9E1C0EAF2300CA8506 = {
						CreatedOnToolsVersion = 7.1.1;
					};
					62728AB21C0EAF2300CA8506 = {
						CreatedOnToolsVersion = 7.1.1;
						TestTargetID = 62728A9E1C0EAF2300CA8506;
					};
					62728ABD1C0EAF2300CA8506 = {
						CreatedOnToolsVersion = 7.1.1;
						TestTargetID = 62728A9E1C0EAF2300CA8506;
					};
				};
			};
			buildConfigurationList = 62728A9A1C0EAF2300CA8506 /* Build configuration list for PBXProject "tracking" */;
			compatibilityVersion = "Xcode 3.2";
			developmentRegion = English;
			hasScannedForEncodings = 0;
			knownRegions = (
				en,
				Base,
			);
			mainGroup = 62728A961C0EAF2300CA8506;
			productRefGroup = 62728AA01C0EAF2300CA8506 /* Products */;
			projectDirPath = "";
			projectRoot = "";
			targets = (
				62728A9E1C0EAF2300CA8506 /* tracking */,
				62728AB21C0EAF2300CA8506 /* trackingTests */,
				62728ABD1C0EAF2300CA8506 /* trackingUITests */,
			);
		};
/* End PBXProject section */

/* Begin PBXResourcesBuildPhase section */
		62728A9D1C0EAF2300CA8506 /* Resources */ = {
			isa = PBXResourcesBuildPhase;
			buildActionMask = 2147483647;
			files = (
				62728AAD1C0EAF2300CA8506 /* LaunchScreen.storyboard in Resources */,
				62728AAA1C0EAF2300CA8506 /* Assets.xcassets in Resources */,
				62728AA81C0EAF2300CA8506 /* Main.storyboard in Resources */,
			);
			runOnlyForDeploymentPostprocessing = 0;
		};
		62728AB11C0EAF2300CA8506 /* Resources */ = {
			isa = PBXResourcesBuildPhase;
			buildActionMask = 2147483647;
			files = (
			);
			runOnlyForDeploymentPostprocessing = 0;
		};
		62728ABC1C0EAF2300CA8506 /* Resources */ = {
			isa = PBXResourcesBuildPhase;
			buildActionMask = 2147483647;
			files = (
			);
			runOnlyForDeploymentPostprocessing = 0;
		};
/* End PBXResourcesBuildPhase section */

/* Begin PBXSourcesBuildPhase section */
		62728A9B1C0EAF2300CA8506 /* Sources */ = {
			isa = PBXSourcesBuildPhase;
			buildActionMask = 2147483647;
			files = (
				62728AA51C0EAF2300CA8506 /* ViewController.swift in Sources */,
				62728AA31C0EAF2300CA8506 /* AppDelegate.swift in Sources */,
			);
			runOnlyForDeploymentPostprocessing = 0;
		};
		62728AAF1C0EAF2300CA8506 /* Sources */ = {
			isa = PBXSourcesBuildPhase;
			buildActionMask = 2147483647;
			files = (
				62728AB81C0EAF2300CA8506 /* trackingTests.swift in Sources */,
			);
			runOnlyForDeploymentPostprocessing = 0;
		};
		62728ABA1C0EAF2300CA8506 /* Sources */ = {
			isa = PBXSourcesBuildPhase;
			buildActionMask = 2147483647;
			files = (
				62728AC31C0EAF2300CA8506 /* trackingUITests.swift in Sources */,
			);
			runOnlyForDeploymentPostprocessing = 0;
		};
/* End PBXSourcesBuildPhase section */

/* Begin PBXTargetDependency section */
		62728AB51C0EAF2300CA8506 /* PBXTargetDependency */ = {
			isa = PBXTargetDependency;
			target = 62728A9E1C0EAF2300CA8506 /* tracking */;
			targetProxy = 62728AB41C0EAF2300CA8506 /* PBXContainerItemProxy */;
		};
		62728AC01C0EAF2300CA8506 /* PBXTargetDependency */ = {
			isa = PBXTargetDependency;
			target = 62728A9E1C0EAF2300CA8506 /* tracking */;
			targetProxy = 62728ABF1C0EAF2300CA8506 /* PBXContainerItemProxy */;
		};
/* End PBXTargetDependency section */

/* Begin PBXVariantGroup section */
		62728AA61C0EAF2300CA8506 /* Main.storyboard */ = {
			isa = PBXVariantGroup;
			children = (
				62728AA71C0EAF2300CA8506 /* Base */,
			);
			name = Main.storyboard;
			sourceTree = "<group>";
		};
		62728AAB1C0EAF2300CA8506 /* LaunchScreen.storyboard */ = {
			isa = PBXVariantGroup;
			children = (
				62728AAC1C0EAF2300CA8506 /* Base */,
			);
			name = LaunchScreen.storyboard;
			sourceTree = "<group>";
		};
/* End PBXVariantGroup section */

/* Begin XCBuildConfiguration section */
		62728AC51C0EAF2300CA8506 /* Debug */ = {
			isa = XCBuildConfiguration;
			buildSettings = {
				ALWAYS_SEARCH_USER_PATHS = NO;
				CLANG_CXX_LANGUAGE_STANDARD = "gnu++0x";
				CLANG_CXX_LIBRARY = "libc++";
				CLANG_ENABLE_MODULES = YES;
				CLANG_ENABLE_OBJC_ARC = YES;
				CLANG_WARN_BOOL_CONVERSION = YES;
				CLANG_WARN_CONSTANT_CONVERSION = YES;
				CLANG_WARN_DIRECT_OBJC_ISA_USAGE = YES_ERROR;
				CLANG_WARN_EMPTY_BODY = YES;
				CLANG_WARN_ENUM_CONVERSION = YES;
				CLANG_WARN_INT_CONVERSION = YES;
				CLANG_WARN_OBJC_ROOT_CLASS = YES_ERROR;
				CLANG_WARN_UNREACHABLE_CODE = YES;
				CLANG_WARN__DUPLICATE_METHOD_MATCH = YES;
				"CODE_SIGN_IDENTITY[sdk=iphoneos*]" = "iPhone Developer";
				COPY_PHASE_STRIP = NO;
				DEBUG_INFORMATION_FORMAT = dwarf;
				ENABLE_STRICT_OBJC_MSGSEND = YES;
				ENABLE_TESTABILITY = YES;
				GCC_C_LANGUAGE_STANDARD = gnu99;
				GCC_DYNAMIC_NO_PIC = NO;
				GCC_NO_COMMON_BLOCKS = YES;
				GCC_OPTIMIZATION_LEVEL = 0;
				GCC_PREPROCESSOR_DEFINITIONS = (
					"DEBUG=1",
					"$(inherited)",
				);
				GCC_WARN_64_TO_32_BIT_CONVERSION = YES;
				GCC_WARN_ABOUT_RETURN_TYPE = YES_ERROR;
				GCC_WARN_UNDECLARED_SELECTOR = YES;
				GCC_WARN_UNINITIALIZED_AUTOS = YES_AGGRESSIVE;
				GCC_WARN_UNUSED_FUNCTION = YES;
				GCC_WARN_UNUSED_VARIABLE = YES;
				IPHONEOS_DEPLOYMENT_TARGET = 9.1;
				MTL_ENABLE_DEBUG_INFO = YES;
				ONLY_ACTIVE_ARCH = YES;
				SDKROOT = iphoneos;
				SWIFT_OPTIMIZATION_LEVEL = "-Onone";
				TARGETED_DEVICE_FAMILY = "1,2";
			};
			name = Debug;
		};
		62728AC61C0EAF2300CA8506 /* Release */ = {
			isa = XCBuildConfiguration;
			buildSettings = {
				ALWAYS_SEARCH_USER_PATHS = NO;
				CLANG_CXX_LANGUAGE_STANDARD = "gnu++0x";
				CLANG_CXX_LIBRARY = "libc++";
				CLANG_ENABLE_MODULES = YES;
				CLANG_ENABLE_OBJC_ARC = YES;
				CLANG_WARN_BOOL_CONVERSION = YES;
				CLANG_WARN_CONSTANT_CONVERSION = YES;
				CLANG_WARN_DIRECT_OBJC_ISA_USAGE = YES_ERROR;
				CLANG_WARN_EMPTY_BODY = YES;
				CLANG_WARN_ENUM_CONVERSION = YES;
				CLANG_WARN_INT_CONVERSION = YES;
				CLANG_WARN_OBJC_ROOT_CLASS = YES_ERROR;
				CLANG_WARN_UNREACHABLE_CODE = YES;
				CLANG_WARN__DUPLICATE_METHOD_MATCH = YES;
				"CODE_SIGN_IDENTITY[sdk=iphoneos*]" = "iPhone Developer";
				COPY_PHASE_STRIP = NO;
				DEBUG_INFORMATION_FORMAT = "dwarf-with-dsym";
				ENABLE_NS_ASSERTIONS = NO;
				ENABLE_STRICT_OBJC_MSGSEND = YES;
				GCC_C_LANGUAGE_STANDARD = gnu99;
				GCC_NO_COMMON_BLOCKS = YES;
				GCC_WARN_64_TO_32_BIT_CONVERSION = YES;
				GCC_WARN_ABOUT_RETURN_TYPE = YES_ERROR;
				GCC_WARN_UNDECLARED_SELECTOR = YES;
				GCC_WARN_UNINITIALIZED_AUTOS = YES_AGGRESSIVE;
				GCC_WARN_UNUSED_FUNCTION = YES;
				GCC_WARN_UNUSED_VARIABLE = YES;
				IPHONEOS_DEPLOYMENT_TARGET = 9.1;
				MTL_ENABLE_DEBUG_INFO = NO;
				SDKROOT = iphoneos;
				TARGETED_DEVICE_FAMILY = "1,2";
				VALIDATE_PRODUCT = YES;
			};
			name = Release;
		};
		62728AC81C0EAF2300CA8506 /* Debug */ = {
			isa = XCBuildConfiguration;
			buildSettings = {
				ASSETCATALOG_COMPILER_APPICON_NAME = AppIcon;
				INFOPLIST_FILE = tracking/Info.plist;
				LD_RUNPATH_SEARCH_PATHS = "$(inherited) @executable_path/Frameworks";
				PRODUCT_BUNDLE_IDENTIFIER = ukohank517.tracking;
				PRODUCT_NAME = "$(TARGET_NAME)";
			};
			name = Debug;
		};
		62728AC91C0EAF2300CA8506 /* Release */ = {
			isa = XCBuildConfiguration;
			buildSettings = {
				ASSETCATALOG_COMPILER_APPICON_NAME = AppIcon;
				INFOPLIST_FILE = tracking/Info.plist;
				LD_RUNPATH_SEARCH_PATHS = "$(inherited) @executable_path/Frameworks";
				PRODUCT_BUNDLE_IDENTIFIER = ukohank517.tracking;
				PRODUCT_NAME = "$(TARGET_NAME)";
			};
			name = Release;
		};
		62728ACB1C0EAF2300CA8506 /* Debug */ = {
			isa = XCBuildConfiguration;
			buildSettings = {
				BUNDLE_LOADER = "$(TEST_HOST)";
				INFOPLIST_FILE = trackingTests/Info.plist;
				LD_RUNPATH_SEARCH_PATHS = "$(inherited) @executable_path/Frameworks @loader_path/Frameworks";
				PRODUCT_BUNDLE_IDENTIFIER = ukohank517.trackingTests;
				PRODUCT_NAME = "$(TARGET_NAME)";
				TEST_HOST = "$(BUILT_PRODUCTS_DIR)/tracking.app/tracking";
			};
			name = Debug;
		};
		62728ACC1C0EAF2300CA8506 /* Release */ = {
			isa = XCBuildConfiguration;
			buildSettings = {
				BUNDLE_LOADER = "$(TEST_HOST)";
				INFOPLIST_FILE = trackingTests/Info.plist;
				LD_RUNPATH_SEARCH_PATHS = "$(inherited) @executable_path/Frameworks @loader_path/Frameworks";
				PRODUCT_BUNDLE_IDENTIFIER = ukohank517.trackingTests;
				PRODUCT_NAME = "$(TARGET_NAME)";
				TEST_HOST = "$(BUILT_PRODUCTS_DIR)/tracking.app/tracking";
			};
			name = Release;
		};
		62728ACE1C0EAF2300CA8506 /* Debug */ = {
			isa = XCBuildConfiguration;
			buildSettings = {
				INFOPLIST_FILE = trackingUITests/Info.plist;
				LD_RUNPATH_SEARCH_PATHS = "$(inherited) @executable_path/Frameworks @loader_path/Frameworks";
				PRODUCT_BUNDLE_IDENTIFIER = ukohank517.trackingUITests;
				PRODUCT_NAME = "$(TARGET_NAME)";
				TEST_TARGET_NAME = tracking;
				USES_XCTRUNNER = YES;
			};
			name = Debug;
		};
		62728ACF1C0EAF2300CA8506 /* Release */ = {
			isa = XCBuildConfiguration;
			buildSettings = {
				INFOPLIST_FILE = trackingUITests/Info.plist;
				LD_RUNPATH_SEARCH_PATHS = "$(inherited) @executable_path/Frameworks @loader_path/Frameworks";
				PRODUCT_BUNDLE_IDENTIFIER = ukohank517.trackingUITests;
				PRODUCT_NAME = "$(TARGET_NAME)";
				TEST_TARGET_NAME = tracking;
				USES_XCTRUNNER = YES;
			};
			name = Release;
		};
/* End XCBuildConfiguration section */

/* Begin XCConfigurationList section */
		62728A9A1C0EAF2300CA8506 /* Build configuration list for PBXProject "tracking" */ = {
			isa = XCConfigurationList;
			buildConfigurations = (
				62728AC51C0EAF2300CA8506 /* Debug */,
				62728AC61C0EAF2300CA8506 /* Release */,
			);
			defaultConfigurationIsVisible = 0;
			defaultConfigurationName = Release;
		};
		62728AC71C0EAF2300CA8506 /* Build configuration list for PBXNativeTarget "tracking" */ = {
			isa = XCConfigurationList;
			buildConfigurations = (
				62728AC81C0EAF2300CA8506 /* Debug */,
				62728AC91C0EAF2300CA8506 /* Release */,
			);
			defaultConfigurationIsVisible = 0;
		};
		62728ACA1C0EAF2300CA8506 /* Build configuration list for PBXNativeTarget "trackingTests" */ = {
			isa = XCConfigurationList;
			buildConfigurations = (
				62728ACB1C0EAF2300CA8506 /* Debug */,
				62728ACC1C0EAF2300CA8506 /* Release */,
			);
			defaultConfigurationIsVisible = 0;
		};
		62728ACD1C0EAF2300CA8506 /* Build configuration list for PBXNativeTarget "trackingUITests" */ = {
			isa = XCConfigurationList;
			buildConfigurations = (
				62728ACE1C0EAF2300CA8506 /* Debug */,
				62728ACF1C0EAF2300CA8506 /* Release */,
			);
			defaultConfigurationIsVisible = 0;
		};
/* End XCConfigurationList section */
	};
	rootObject = 62728A971C0EAF2300CA8506 /* Project object */;
}
