// !$*UTF8*$!
{
	archiveVersion = 1;
	classes = {
	};
	objectVersion = 46;
	objects = {

/* Begin PBXBuildFile section */
		62728A2B1C0E6A9E00CA8506 /* AppDelegate.swift in Sources */ = {isa = PBXBuildFile; fileRef = 62728A2A1C0E6A9E00CA8506 /* AppDelegate.swift */; };
		62728A2D1C0E6A9E00CA8506 /* ViewController.swift in Sources */ = {isa = PBXBuildFile; fileRef = 62728A2C1C0E6A9E00CA8506 /* ViewController.swift */; };
		62728A301C0E6A9E00CA8506 /* Main.storyboard in Resources */ = {isa = PBXBuildFile; fileRef = 62728A2E1C0E6A9E00CA8506 /* Main.storyboard */; };
		62728A321C0E6A9E00CA8506 /* Assets.xcassets in Resources */ = {isa = PBXBuildFile; fileRef = 62728A311C0E6A9E00CA8506 /* Assets.xcassets */; };
		62728A351C0E6A9E00CA8506 /* LaunchScreen.storyboard in Resources */ = {isa = PBXBuildFile; fileRef = 62728A331C0E6A9E00CA8506 /* LaunchScreen.storyboard */; };
		62728A401C0E6A9E00CA8506 /* G_testTests.swift in Sources */ = {isa = PBXBuildFile; fileRef = 62728A3F1C0E6A9E00CA8506 /* G_testTests.swift */; };
		62728A4B1C0E6A9E00CA8506 /* G_testUITests.swift in Sources */ = {isa = PBXBuildFile; fileRef = 62728A4A1C0E6A9E00CA8506 /* G_testUITests.swift */; };
/* End PBXBuildFile section */

/* Begin PBXContainerItemProxy section */
		62728A3C1C0E6A9E00CA8506 /* PBXContainerItemProxy */ = {
			isa = PBXContainerItemProxy;
			containerPortal = 62728A1F1C0E6A9E00CA8506 /* Project object */;
			proxyType = 1;
			remoteGlobalIDString = 62728A261C0E6A9E00CA8506;
			remoteInfo = G_test;
		};
		62728A471C0E6A9E00CA8506 /* PBXContainerItemProxy */ = {
			isa = PBXContainerItemProxy;
			containerPortal = 62728A1F1C0E6A9E00CA8506 /* Project object */;
			proxyType = 1;
			remoteGlobalIDString = 62728A261C0E6A9E00CA8506;
			remoteInfo = G_test;
		};
/* End PBXContainerItemProxy section */

/* Begin PBXFileReference section */
		62728A271C0E6A9E00CA8506 /* G_test.app */ = {isa = PBXFileReference; explicitFileType = wrapper.application; includeInIndex = 0; path = G_test.app; sourceTree = BUILT_PRODUCTS_DIR; };
		62728A2A1C0E6A9E00CA8506 /* AppDelegate.swift */ = {isa = PBXFileReference; lastKnownFileType = sourcecode.swift; path = AppDelegate.swift; sourceTree = "<group>"; };
		62728A2C1C0E6A9E00CA8506 /* ViewController.swift */ = {isa = PBXFileReference; lastKnownFileType = sourcecode.swift; path = ViewController.swift; sourceTree = "<group>"; };
		62728A2F1C0E6A9E00CA8506 /* Base */ = {isa = PBXFileReference; lastKnownFileType = file.storyboard; name = Base; path = Base.lproj/Main.storyboard; sourceTree = "<group>"; };
		62728A311C0E6A9E00CA8506 /* Assets.xcassets */ = {isa = PBXFileReference; lastKnownFileType = folder.assetcatalog; path = Assets.xcassets; sourceTree = "<group>"; };
		62728A341C0E6A9E00CA8506 /* Base */ = {isa = PBXFileReference; lastKnownFileType = file.storyboard; name = Base; path = Base.lproj/LaunchScreen.storyboard; sourceTree = "<group>"; };
		62728A361C0E6A9E00CA8506 /* Info.plist */ = {isa = PBXFileReference; lastKnownFileType = text.plist.xml; path = Info.plist; sourceTree = "<group>"; };
		62728A3B1C0E6A9E00CA8506 /* G_testTests.xctest */ = {isa = PBXFileReference; explicitFileType = wrapper.cfbundle; includeInIndex = 0; path = G_testTests.xctest; sourceTree = BUILT_PRODUCTS_DIR; };
		62728A3F1C0E6A9E00CA8506 /* G_testTests.swift */ = {isa = PBXFileReference; lastKnownFileType = sourcecode.swift; path = G_testTests.swift; sourceTree = "<group>"; };
		62728A411C0E6A9E00CA8506 /* Info.plist */ = {isa = PBXFileReference; lastKnownFileType = text.plist.xml; path = Info.plist; sourceTree = "<group>"; };
		62728A461C0E6A9E00CA8506 /* G_testUITests.xctest */ = {isa = PBXFileReference; explicitFileType = wrapper.cfbundle; includeInIndex = 0; path = G_testUITests.xctest; sourceTree = BUILT_PRODUCTS_DIR; };
		62728A4A1C0E6A9E00CA8506 /* G_testUITests.swift */ = {isa = PBXFileReference; lastKnownFileType = sourcecode.swift; path = G_testUITests.swift; sourceTree = "<group>"; };
		62728A4C1C0E6A9E00CA8506 /* Info.plist */ = {isa = PBXFileReference; lastKnownFileType = text.plist.xml; path = Info.plist; sourceTree = "<group>"; };
/* End PBXFileReference section */

/* Begin PBXFrameworksBuildPhase section */
		62728A241C0E6A9E00CA8506 /* Frameworks */ = {
			isa = PBXFrameworksBuildPhase;
			buildActionMask = 2147483647;
			files = (
			);
			runOnlyForDeploymentPostprocessing = 0;
		};
		62728A381C0E6A9E00CA8506 /* Frameworks */ = {
			isa = PBXFrameworksBuildPhase;
			buildActionMask = 2147483647;
			files = (
			);
			runOnlyForDeploymentPostprocessing = 0;
		};
		62728A431C0E6A9E00CA8506 /* Frameworks */ = {
			isa = PBXFrameworksBuildPhase;
			buildActionMask = 2147483647;
			files = (
			);
			runOnlyForDeploymentPostprocessing = 0;
		};
/* End PBXFrameworksBuildPhase section */

/* Begin PBXGroup section */
		62728A1E1C0E6A9E00CA8506 = {
			isa = PBXGroup;
			children = (
				62728A291C0E6A9E00CA8506 /* G_test */,
				62728A3E1C0E6A9E00CA8506 /* G_testTests */,
				62728A491C0E6A9E00CA8506 /* G_testUITests */,
				62728A281C0E6A9E00CA8506 /* Products */,
			);
			sourceTree = "<group>";
		};
		62728A281C0E6A9E00CA8506 /* Products */ = {
			isa = PBXGroup;
			children = (
				62728A271C0E6A9E00CA8506 /* G_test.app */,
				62728A3B1C0E6A9E00CA8506 /* G_testTests.xctest */,
				62728A461C0E6A9E00CA8506 /* G_testUITests.xctest */,
			);
			name = Products;
			sourceTree = "<group>";
		};
		62728A291C0E6A9E00CA8506 /* G_test */ = {
			isa = PBXGroup;
			children = (
				62728A2A1C0E6A9E00CA8506 /* AppDelegate.swift */,
				62728A2C1C0E6A9E00CA8506 /* ViewController.swift */,
				62728A2E1C0E6A9E00CA8506 /* Main.storyboard */,
				62728A311C0E6A9E00CA8506 /* Assets.xcassets */,
				62728A331C0E6A9E00CA8506 /* LaunchScreen.storyboard */,
				62728A361C0E6A9E00CA8506 /* Info.plist */,
			);
			path = G_test;
			sourceTree = "<group>";
		};
		62728A3E1C0E6A9E00CA8506 /* G_testTests */ = {
			isa = PBXGroup;
			children = (
				62728A3F1C0E6A9E00CA8506 /* G_testTests.swift */,
				62728A411C0E6A9E00CA8506 /* Info.plist */,
			);
			path = G_testTests;
			sourceTree = "<group>";
		};
		62728A491C0E6A9E00CA8506 /* G_testUITests */ = {
			isa = PBXGroup;
			children = (
				62728A4A1C0E6A9E00CA8506 /* G_testUITests.swift */,
				62728A4C1C0E6A9E00CA8506 /* Info.plist */,
			);
			path = G_testUITests;
			sourceTree = "<group>";
		};
/* End PBXGroup section */

/* Begin PBXNativeTarget section */
		62728A261C0E6A9E00CA8506 /* G_test */ = {
			isa = PBXNativeTarget;
			buildConfigurationList = 62728A4F1C0E6A9E00CA8506 /* Build configuration list for PBXNativeTarget "G_test" */;
			buildPhases = (
				62728A231C0E6A9E00CA8506 /* Sources */,
				62728A241C0E6A9E00CA8506 /* Frameworks */,
				62728A251C0E6A9E00CA8506 /* Resources */,
			);
			buildRules = (
			);
			dependencies = (
			);
			name = G_test;
			productName = G_test;
			productReference = 62728A271C0E6A9E00CA8506 /* G_test.app */;
			productType = "com.apple.product-type.application";
		};
		62728A3A1C0E6A9E00CA8506 /* G_testTests */ = {
			isa = PBXNativeTarget;
			buildConfigurationList = 62728A521C0E6A9E00CA8506 /* Build configuration list for PBXNativeTarget "G_testTests" */;
			buildPhases = (
				62728A371C0E6A9E00CA8506 /* Sources */,
				62728A381C0E6A9E00CA8506 /* Frameworks */,
				62728A391C0E6A9E00CA8506 /* Resources */,
			);
			buildRules = (
			);
			dependencies = (
				62728A3D1C0E6A9E00CA8506 /* PBXTargetDependency */,
			);
			name = G_testTests;
			productName = G_testTests;
			productReference = 62728A3B1C0E6A9E00CA8506 /* G_testTests.xctest */;
			productType = "com.apple.product-type.bundle.unit-test";
		};
		62728A451C0E6A9E00CA8506 /* G_testUITests */ = {
			isa = PBXNativeTarget;
			buildConfigurationList = 62728A551C0E6A9E00CA8506 /* Build configuration list for PBXNativeTarget "G_testUITests" */;
			buildPhases = (
				62728A421C0E6A9E00CA8506 /* Sources */,
				62728A431C0E6A9E00CA8506 /* Frameworks */,
				62728A441C0E6A9E00CA8506 /* Resources */,
			);
			buildRules = (
			);
			dependencies = (
				62728A481C0E6A9E00CA8506 /* PBXTargetDependency */,
			);
			name = G_testUITests;
			productName = G_testUITests;
			productReference = 62728A461C0E6A9E00CA8506 /* G_testUITests.xctest */;
			productType = "com.apple.product-type.bundle.ui-testing";
		};
/* End PBXNativeTarget section */

/* Begin PBXProject section */
		62728A1F1C0E6A9E00CA8506 /* Project object */ = {
			isa = PBXProject;
			attributes = {
				LastSwiftUpdateCheck = 0710;
				LastUpgradeCheck = 0710;
				ORGANIZATIONNAME = "Reason?";
				TargetAttributes = {
					62728A261C0E6A9E00CA8506 = {
						CreatedOnToolsVersion = 7.1.1;
					};
					62728A3A1C0E6A9E00CA8506 = {
						CreatedOnToolsVersion = 7.1.1;
						TestTargetID = 62728A261C0E6A9E00CA8506;
					};
					62728A451C0E6A9E00CA8506 = {
						CreatedOnToolsVersion = 7.1.1;
						TestTargetID = 62728A261C0E6A9E00CA8506;
					};
				};
			};
			buildConfigurationList = 62728A221C0E6A9E00CA8506 /* Build configuration list for PBXProject "G_test" */;
			compatibilityVersion = "Xcode 3.2";
			developmentRegion = English;
			hasScannedForEncodings = 0;
			knownRegions = (
				en,
				Base,
			);
			mainGroup = 62728A1E1C0E6A9E00CA8506;
			productRefGroup = 62728A281C0E6A9E00CA8506 /* Products */;
			projectDirPath = "";
			projectRoot = "";
			targets = (
				62728A261C0E6A9E00CA8506 /* G_test */,
				62728A3A1C0E6A9E00CA8506 /* G_testTests */,
				62728A451C0E6A9E00CA8506 /* G_testUITests */,
			);
		};
/* End PBXProject section */

/* Begin PBXResourcesBuildPhase section */
		62728A251C0E6A9E00CA8506 /* Resources */ = {
			isa = PBXResourcesBuildPhase;
			buildActionMask = 2147483647;
			files = (
				62728A351C0E6A9E00CA8506 /* LaunchScreen.storyboard in Resources */,
				62728A321C0E6A9E00CA8506 /* Assets.xcassets in Resources */,
				62728A301C0E6A9E00CA8506 /* Main.storyboard in Resources */,
			);
			runOnlyForDeploymentPostprocessing = 0;
		};
		62728A391C0E6A9E00CA8506 /* Resources */ = {
			isa = PBXResourcesBuildPhase;
			buildActionMask = 2147483647;
			files = (
			);
			runOnlyForDeploymentPostprocessing = 0;
		};
		62728A441C0E6A9E00CA8506 /* Resources */ = {
			isa = PBXResourcesBuildPhase;
			buildActionMask = 2147483647;
			files = (
			);
			runOnlyForDeploymentPostprocessing = 0;
		};
/* End PBXResourcesBuildPhase section */

/* Begin PBXSourcesBuildPhase section */
		62728A231C0E6A9E00CA8506 /* Sources */ = {
			isa = PBXSourcesBuildPhase;
			buildActionMask = 2147483647;
			files = (
				62728A2D1C0E6A9E00CA8506 /* ViewController.swift in Sources */,
				62728A2B1C0E6A9E00CA8506 /* AppDelegate.swift in Sources */,
			);
			runOnlyForDeploymentPostprocessing = 0;
		};
		62728A371C0E6A9E00CA8506 /* Sources */ = {
			isa = PBXSourcesBuildPhase;
			buildActionMask = 2147483647;
			files = (
				62728A401C0E6A9E00CA8506 /* G_testTests.swift in Sources */,
			);
			runOnlyForDeploymentPostprocessing = 0;
		};
		62728A421C0E6A9E00CA8506 /* Sources */ = {
			isa = PBXSourcesBuildPhase;
			buildActionMask = 2147483647;
			files = (
				62728A4B1C0E6A9E00CA8506 /* G_testUITests.swift in Sources */,
			);
			runOnlyForDeploymentPostprocessing = 0;
		};
/* End PBXSourcesBuildPhase section */

/* Begin PBXTargetDependency section */
		62728A3D1C0E6A9E00CA8506 /* PBXTargetDependency */ = {
			isa = PBXTargetDependency;
			target = 62728A261C0E6A9E00CA8506 /* G_test */;
			targetProxy = 62728A3C1C0E6A9E00CA8506 /* PBXContainerItemProxy */;
		};
		62728A481C0E6A9E00CA8506 /* PBXTargetDependency */ = {
			isa = PBXTargetDependency;
			target = 62728A261C0E6A9E00CA8506 /* G_test */;
			targetProxy = 62728A471C0E6A9E00CA8506 /* PBXContainerItemProxy */;
		};
/* End PBXTargetDependency section */

/* Begin PBXVariantGroup section */
		62728A2E1C0E6A9E00CA8506 /* Main.storyboard */ = {
			isa = PBXVariantGroup;
			children = (
				62728A2F1C0E6A9E00CA8506 /* Base */,
			);
			name = Main.storyboard;
			sourceTree = "<group>";
		};
		62728A331C0E6A9E00CA8506 /* LaunchScreen.storyboard */ = {
			isa = PBXVariantGroup;
			children = (
				62728A341C0E6A9E00CA8506 /* Base */,
			);
			name = LaunchScreen.storyboard;
			sourceTree = "<group>";
		};
/* End PBXVariantGroup section */

/* Begin XCBuildConfiguration section */
		62728A4D1C0E6A9E00CA8506 /* Debug */ = {
			isa = XCBuildConfiguration;
			buildSettings = {
				ALWAYS_SEARCH_USER_PATHS = NO;
				CLANG_CXX_LANGUAGE_STANDARD = "gnu++0x";
				CLANG_CXX_LIBRARY = "libc++";
				CLANG_ENABLE_MODULES = YES;
				CLANG_ENABLE_OBJC_ARC = YES;
				CLANG_WARN_BOOL_CONVERSION = YES;
				CLANG_WARN_CONSTANT_CONVERSION = YES;
				CLANG_WARN_DIRECT_OBJC_ISA_USAGE = YES_ERROR;
				CLANG_WARN_EMPTY_BODY = YES;
				CLANG_WARN_ENUM_CONVERSION = YES;
				CLANG_WARN_INT_CONVERSION = YES;
				CLANG_WARN_OBJC_ROOT_CLASS = YES_ERROR;
				CLANG_WARN_UNREACHABLE_CODE = YES;
				CLANG_WARN__DUPLICATE_METHOD_MATCH = YES;
				"CODE_SIGN_IDENTITY[sdk=iphoneos*]" = "iPhone Developer";
				COPY_PHASE_STRIP = NO;
				DEBUG_INFORMATION_FORMAT = dwarf;
				ENABLE_STRICT_OBJC_MSGSEND = YES;
				ENABLE_TESTABILITY = YES;
				GCC_C_LANGUAGE_STANDARD = gnu99;
				GCC_DYNAMIC_NO_PIC = NO;
				GCC_NO_COMMON_BLOCKS = YES;
				GCC_OPTIMIZATION_LEVEL = 0;
				GCC_PREPROCESSOR_DEFINITIONS = (
					"DEBUG=1",
					"$(inherited)",
				);
				GCC_WARN_64_TO_32_BIT_CONVERSION = YES;
				GCC_WARN_ABOUT_RETURN_TYPE = YES_ERROR;
				GCC_WARN_UNDECLARED_SELECTOR = YES;
				GCC_WARN_UNINITIALIZED_AUTOS = YES_AGGRESSIVE;
				GCC_WARN_UNUSED_FUNCTION = YES;
				GCC_WARN_UNUSED_VARIABLE = YES;
				IPHONEOS_DEPLOYMENT_TARGET = 9.1;
				MTL_ENABLE_DEBUG_INFO = YES;
				ONLY_ACTIVE_ARCH = YES;
				SDKROOT = iphoneos;
				SWIFT_OPTIMIZATION_LEVEL = "-Onone";
				TARGETED_DEVICE_FAMILY = "1,2";
			};
			name = Debug;
		};
		62728A4E1C0E6A9E00CA8506 /* Release */ = {
			isa = XCBuildConfiguration;
			buildSettings = {
				ALWAYS_SEARCH_USER_PATHS = NO;
				CLANG_CXX_LANGUAGE_STANDARD = "gnu++0x";
				CLANG_CXX_LIBRARY = "libc++";
				CLANG_ENABLE_MODULES = YES;
				CLANG_ENABLE_OBJC_ARC = YES;
				CLANG_WARN_BOOL_CONVERSION = YES;
				CLANG_WARN_CONSTANT_CONVERSION = YES;
				CLANG_WARN_DIRECT_OBJC_ISA_USAGE = YES_ERROR;
				CLANG_WARN_EMPTY_BODY = YES;
				CLANG_WARN_ENUM_CONVERSION = YES;
				CLANG_WARN_INT_CONVERSION = YES;
				CLANG_WARN_OBJC_ROOT_CLASS = YES_ERROR;
				CLANG_WARN_UNREACHABLE_CODE = YES;
				CLANG_WARN__DUPLICATE_METHOD_MATCH = YES;
				"CODE_SIGN_IDENTITY[sdk=iphoneos*]" = "iPhone Developer";
				COPY_PHASE_STRIP = NO;
				DEBUG_INFORMATION_FORMAT = "dwarf-with-dsym";
				ENABLE_NS_ASSERTIONS = NO;
				ENABLE_STRICT_OBJC_MSGSEND = YES;
				GCC_C_LANGUAGE_STANDARD = gnu99;
				GCC_NO_COMMON_BLOCKS = YES;
				GCC_WARN_64_TO_32_BIT_CONVERSION = YES;
				GCC_WARN_ABOUT_RETURN_TYPE = YES_ERROR;
				GCC_WARN_UNDECLARED_SELECTOR = YES;
				GCC_WARN_UNINITIALIZED_AUTOS = YES_AGGRESSIVE;
				GCC_WARN_UNUSED_FUNCTION = YES;
				GCC_WARN_UNUSED_VARIABLE = YES;
				IPHONEOS_DEPLOYMENT_TARGET = 9.1;
				MTL_ENABLE_DEBUG_INFO = NO;
				SDKROOT = iphoneos;
				TARGETED_DEVICE_FAMILY = "1,2";
				VALIDATE_PRODUCT = YES;
			};
			name = Release;
		};
		62728A501C0E6A9E00CA8506 /* Debug */ = {
			isa = XCBuildConfiguration;
			buildSettings = {
				ASSETCATALOG_COMPILER_APPICON_NAME = AppIcon;
				INFOPLIST_FILE = G_test/Info.plist;
				LD_RUNPATH_SEARCH_PATHS = "$(inherited) @executable_path/Frameworks";
				PRODUCT_BUNDLE_IDENTIFIER = "ukohank517.G-test";
				PRODUCT_NAME = "$(TARGET_NAME)";
			};
			name = Debug;
		};
		62728A511C0E6A9E00CA8506 /* Release */ = {
			isa = XCBuildConfiguration;
			buildSettings = {
				ASSETCATALOG_COMPILER_APPICON_NAME = AppIcon;
				INFOPLIST_FILE = G_test/Info.plist;
				LD_RUNPATH_SEARCH_PATHS = "$(inherited) @executable_path/Frameworks";
				PRODUCT_BUNDLE_IDENTIFIER = "ukohank517.G-test";
				PRODUCT_NAME = "$(TARGET_NAME)";
			};
			name = Release;
		};
		62728A531C0E6A9E00CA8506 /* Debug */ = {
			isa = XCBuildConfiguration;
			buildSettings = {
				BUNDLE_LOADER = "$(TEST_HOST)";
				INFOPLIST_FILE = G_testTests/Info.plist;
				LD_RUNPATH_SEARCH_PATHS = "$(inherited) @executable_path/Frameworks @loader_path/Frameworks";
				PRODUCT_BUNDLE_IDENTIFIER = "ukohank517.G-testTests";
				PRODUCT_NAME = "$(TARGET_NAME)";
				TEST_HOST = "$(BUILT_PRODUCTS_DIR)/G_test.app/G_test";
			};
			name = Debug;
		};
		62728A541C0E6A9E00CA8506 /* Release */ = {
			isa = XCBuildConfiguration;
			buildSettings = {
				BUNDLE_LOADER = "$(TEST_HOST)";
				INFOPLIST_FILE = G_testTests/Info.plist;
				LD_RUNPATH_SEARCH_PATHS = "$(inherited) @executable_path/Frameworks @loader_path/Frameworks";
				PRODUCT_BUNDLE_IDENTIFIER = "ukohank517.G-testTests";
				PRODUCT_NAME = "$(TARGET_NAME)";
				TEST_HOST = "$(BUILT_PRODUCTS_DIR)/G_test.app/G_test";
			};
			name = Release;
		};
		62728A561C0E6A9E00CA8506 /* Debug */ = {
			isa = XCBuildConfiguration;
			buildSettings = {
				INFOPLIST_FILE = G_testUITests/Info.plist;
				LD_RUNPATH_SEARCH_PATHS = "$(inherited) @executable_path/Frameworks @loader_path/Frameworks";
				PRODUCT_BUNDLE_IDENTIFIER = "ukohank517.G-testUITests";
				PRODUCT_NAME = "$(TARGET_NAME)";
				TEST_TARGET_NAME = G_test;
				USES_XCTRUNNER = YES;
			};
			name = Debug;
		};
		62728A571C0E6A9E00CA8506 /* Release */ = {
			isa = XCBuildConfiguration;
			buildSettings = {
				INFOPLIST_FILE = G_testUITests/Info.plist;
				LD_RUNPATH_SEARCH_PATHS = "$(inherited) @executable_path/Frameworks @loader_path/Frameworks";
				PRODUCT_BUNDLE_IDENTIFIER = "ukohank517.G-testUITests";
				PRODUCT_NAME = "$(TARGET_NAME)";
				TEST_TARGET_NAME = G_test;
				USES_XCTRUNNER = YES;
			};
			name = Release;
		};
/* End XCBuildConfiguration section */

/* Begin XCConfigurationList section */
		62728A221C0E6A9E00CA8506 /* Build configuration list for PBXProject "G_test" */ = {
			isa = XCConfigurationList;
			buildConfigurations = (
				62728A4D1C0E6A9E00CA8506 /* Debug */,
				62728A4E1C0E6A9E00CA8506 /* Release */,
			);
			defaultConfigurationIsVisible = 0;
			defaultConfigurationName = Release;
		};
		62728A4F1C0E6A9E00CA8506 /* Build configuration list for PBXNativeTarget "G_test" */ = {
			isa = XCConfigurationList;
			buildConfigurations = (
				62728A501C0E6A9E00CA8506 /* Debug */,
				62728A511C0E6A9E00CA8506 /* Release */,
			);
			defaultConfigurationIsVisible = 0;
		};
		62728A521C0E6A9E00CA8506 /* Build configuration list for PBXNativeTarget "G_testTests" */ = {
			isa = XCConfigurationList;
			buildConfigurations = (
				62728A531C0E6A9E00CA8506 /* Debug */,
				62728A541C0E6A9E00CA8506 /* Release */,
			);
			defaultConfigurationIsVisible = 0;
		};
		62728A551C0E6A9E00CA8506 /* Build configuration list for PBXNativeTarget "G_testUITests" */ = {
			isa = XCConfigurationList;
			buildConfigurations = (
				62728A561C0E6A9E00CA8506 /* Debug */,
				62728A571C0E6A9E00CA8506 /* Release */,
			);
			defaultConfigurationIsVisible = 0;
		};
/* End XCConfigurationList section */
	};
	rootObject = 62728A1F1C0E6A9E00CA8506 /* Project object */;
}
