// !$*UTF8*$!
{
	archiveVersion = 1;
	classes = {
	};
	objectVersion = 46;
	objects = {

/* Begin PBXBuildFile section */
		62728B261C0EB9D200CA8506 /* AppDelegate.swift in Sources */ = {isa = PBXBuildFile; fileRef = 62728B251C0EB9D200CA8506 /* AppDelegate.swift */; };
		62728B281C0EB9D200CA8506 /* ViewController.swift in Sources */ = {isa = PBXBuildFile; fileRef = 62728B271C0EB9D200CA8506 /* ViewController.swift */; };
		62728B2B1C0EB9D200CA8506 /* Main.storyboard in Resources */ = {isa = PBXBuildFile; fileRef = 62728B291C0EB9D200CA8506 /* Main.storyboard */; };
		62728B2D1C0EB9D200CA8506 /* Assets.xcassets in Resources */ = {isa = PBXBuildFile; fileRef = 62728B2C1C0EB9D200CA8506 /* Assets.xcassets */; };
		62728B301C0EB9D200CA8506 /* LaunchScreen.storyboard in Resources */ = {isa = PBXBuildFile; fileRef = 62728B2E1C0EB9D200CA8506 /* LaunchScreen.storyboard */; };
		62728B3B1C0EB9D200CA8506 /* map_kitTests.swift in Sources */ = {isa = PBXBuildFile; fileRef = 62728B3A1C0EB9D200CA8506 /* map_kitTests.swift */; };
		62728B461C0EB9D200CA8506 /* map_kitUITests.swift in Sources */ = {isa = PBXBuildFile; fileRef = 62728B451C0EB9D200CA8506 /* map_kitUITests.swift */; };
/* End PBXBuildFile section */

/* Begin PBXContainerItemProxy section */
		62728B371C0EB9D200CA8506 /* PBXContainerItemProxy */ = {
			isa = PBXContainerItemProxy;
			containerPortal = 62728B1A1C0EB9D200CA8506 /* Project object */;
			proxyType = 1;
			remoteGlobalIDString = 62728B211C0EB9D200CA8506;
			remoteInfo = map_kit;
		};
		62728B421C0EB9D200CA8506 /* PBXContainerItemProxy */ = {
			isa = PBXContainerItemProxy;
			containerPortal = 62728B1A1C0EB9D200CA8506 /* Project object */;
			proxyType = 1;
			remoteGlobalIDString = 62728B211C0EB9D200CA8506;
			remoteInfo = map_kit;
		};
/* End PBXContainerItemProxy section */

/* Begin PBXFileReference section */
		62728B221C0EB9D200CA8506 /* map_kit.app */ = {isa = PBXFileReference; explicitFileType = wrapper.application; includeInIndex = 0; path = map_kit.app; sourceTree = BUILT_PRODUCTS_DIR; };
		62728B251C0EB9D200CA8506 /* AppDelegate.swift */ = {isa = PBXFileReference; lastKnownFileType = sourcecode.swift; path = AppDelegate.swift; sourceTree = "<group>"; };
		62728B271C0EB9D200CA8506 /* ViewController.swift */ = {isa = PBXFileReference; lastKnownFileType = sourcecode.swift; path = ViewController.swift; sourceTree = "<group>"; };
		62728B2A1C0EB9D200CA8506 /* Base */ = {isa = PBXFileReference; lastKnownFileType = file.storyboard; name = Base; path = Base.lproj/Main.storyboard; sourceTree = "<group>"; };
		62728B2C1C0EB9D200CA8506 /* Assets.xcassets */ = {isa = PBXFileReference; lastKnownFileType = folder.assetcatalog; path = Assets.xcassets; sourceTree = "<group>"; };
		62728B2F1C0EB9D200CA8506 /* Base */ = {isa = PBXFileReference; lastKnownFileType = file.storyboard; name = Base; path = Base.lproj/LaunchScreen.storyboard; sourceTree = "<group>"; };
		62728B311C0EB9D200CA8506 /* Info.plist */ = {isa = PBXFileReference; lastKnownFileType = text.plist.xml; path = Info.plist; sourceTree = "<group>"; };
		62728B361C0EB9D200CA8506 /* map_kitTests.xctest */ = {isa = PBXFileReference; explicitFileType = wrapper.cfbundle; includeInIndex = 0; path = map_kitTests.xctest; sourceTree = BUILT_PRODUCTS_DIR; };
		62728B3A1C0EB9D200CA8506 /* map_kitTests.swift */ = {isa = PBXFileReference; lastKnownFileType = sourcecode.swift; path = map_kitTests.swift; sourceTree = "<group>"; };
		62728B3C1C0EB9D200CA8506 /* Info.plist */ = {isa = PBXFileReference; lastKnownFileType = text.plist.xml; path = Info.plist; sourceTree = "<group>"; };
		62728B411C0EB9D200CA8506 /* map_kitUITests.xctest */ = {isa = PBXFileReference; explicitFileType = wrapper.cfbundle; includeInIndex = 0; path = map_kitUITests.xctest; sourceTree = BUILT_PRODUCTS_DIR; };
		62728B451C0EB9D200CA8506 /* map_kitUITests.swift */ = {isa = PBXFileReference; lastKnownFileType = sourcecode.swift; path = map_kitUITests.swift; sourceTree = "<group>"; };
		62728B471C0EB9D200CA8506 /* Info.plist */ = {isa = PBXFileReference; lastKnownFileType = text.plist.xml; path = Info.plist; sourceTree = "<group>"; };
/* End PBXFileReference section */

/* Begin PBXFrameworksBuildPhase section */
		62728B1F1C0EB9D200CA8506 /* Frameworks */ = {
			isa = PBXFrameworksBuildPhase;
			buildActionMask = 2147483647;
			files = (
			);
			runOnlyForDeploymentPostprocessing = 0;
		};
		62728B331C0EB9D200CA8506 /* Frameworks */ = {
			isa = PBXFrameworksBuildPhase;
			buildActionMask = 2147483647;
			files = (
			);
			runOnlyForDeploymentPostprocessing = 0;
		};
		62728B3E1C0EB9D200CA8506 /* Frameworks */ = {
			isa = PBXFrameworksBuildPhase;
			buildActionMask = 2147483647;
			files = (
			);
			runOnlyForDeploymentPostprocessing = 0;
		};
/* End PBXFrameworksBuildPhase section */

/* Begin PBXGroup section */
		62728B191C0EB9D200CA8506 = {
			isa = PBXGroup;
			children = (
				62728B241C0EB9D200CA8506 /* map_kit */,
				62728B391C0EB9D200CA8506 /* map_kitTests */,
				62728B441C0EB9D200CA8506 /* map_kitUITests */,
				62728B231C0EB9D200CA8506 /* Products */,
			);
			sourceTree = "<group>";
		};
		62728B231C0EB9D200CA8506 /* Products */ = {
			isa = PBXGroup;
			children = (
				62728B221C0EB9D200CA8506 /* map_kit.app */,
				62728B361C0EB9D200CA8506 /* map_kitTests.xctest */,
				62728B411C0EB9D200CA8506 /* map_kitUITests.xctest */,
			);
			name = Products;
			sourceTree = "<group>";
		};
		62728B241C0EB9D200CA8506 /* map_kit */ = {
			isa = PBXGroup;
			children = (
				62728B251C0EB9D200CA8506 /* AppDelegate.swift */,
				62728B271C0EB9D200CA8506 /* ViewController.swift */,
				62728B291C0EB9D200CA8506 /* Main.storyboard */,
				62728B2C1C0EB9D200CA8506 /* Assets.xcassets */,
				62728B2E1C0EB9D200CA8506 /* LaunchScreen.storyboard */,
				62728B311C0EB9D200CA8506 /* Info.plist */,
			);
			path = map_kit;
			sourceTree = "<group>";
		};
		62728B391C0EB9D200CA8506 /* map_kitTests */ = {
			isa = PBXGroup;
			children = (
				62728B3A1C0EB9D200CA8506 /* map_kitTests.swift */,
				62728B3C1C0EB9D200CA8506 /* Info.plist */,
			);
			path = map_kitTests;
			sourceTree = "<group>";
		};
		62728B441C0EB9D200CA8506 /* map_kitUITests */ = {
			isa = PBXGroup;
			children = (
				62728B451C0EB9D200CA8506 /* map_kitUITests.swift */,
				62728B471C0EB9D200CA8506 /* Info.plist */,
			);
			path = map_kitUITests;
			sourceTree = "<group>";
		};
/* End PBXGroup section */

/* Begin PBXNativeTarget section */
		62728B211C0EB9D200CA8506 /* map_kit */ = {
			isa = PBXNativeTarget;
			buildConfigurationList = 62728B4A1C0EB9D200CA8506 /* Build configuration list for PBXNativeTarget "map_kit" */;
			buildPhases = (
				62728B1E1C0EB9D200CA8506 /* Sources */,
				62728B1F1C0EB9D200CA8506 /* Frameworks */,
				62728B201C0EB9D200CA8506 /* Resources */,
			);
			buildRules = (
			);
			dependencies = (
			);
			name = map_kit;
			productName = map_kit;
			productReference = 62728B221C0EB9D200CA8506 /* map_kit.app */;
			productType = "com.apple.product-type.application";
		};
		62728B351C0EB9D200CA8506 /* map_kitTests */ = {
			isa = PBXNativeTarget;
			buildConfigurationList = 62728B4D1C0EB9D200CA8506 /* Build configuration list for PBXNativeTarget "map_kitTests" */;
			buildPhases = (
				62728B321C0EB9D200CA8506 /* Sources */,
				62728B331C0EB9D200CA8506 /* Frameworks */,
				62728B341C0EB9D200CA8506 /* Resources */,
			);
			buildRules = (
			);
			dependencies = (
				62728B381C0EB9D200CA8506 /* PBXTargetDependency */,
			);
			name = map_kitTests;
			productName = map_kitTests;
			productReference = 62728B361C0EB9D200CA8506 /* map_kitTests.xctest */;
			productType = "com.apple.product-type.bundle.unit-test";
		};
		62728B401C0EB9D200CA8506 /* map_kitUITests */ = {
			isa = PBXNativeTarget;
			buildConfigurationList = 62728B501C0EB9D200CA8506 /* Build configuration list for PBXNativeTarget "map_kitUITests" */;
			buildPhases = (
				62728B3D1C0EB9D200CA8506 /* Sources */,
				62728B3E1C0EB9D200CA8506 /* Frameworks */,
				62728B3F1C0EB9D200CA8506 /* Resources */,
			);
			buildRules = (
			);
			dependencies = (
				62728B431C0EB9D200CA8506 /* PBXTargetDependency */,
			);
			name = map_kitUITests;
			productName = map_kitUITests;
			productReference = 62728B411C0EB9D200CA8506 /* map_kitUITests.xctest */;
			productType = "com.apple.product-type.bundle.ui-testing";
		};
/* End PBXNativeTarget section */

/* Begin PBXProject section */
		62728B1A1C0EB9D200CA8506 /* Project object */ = {
			isa = PBXProject;
			attributes = {
				LastSwiftUpdateCheck = 0710;
				LastUpgradeCheck = 0710;
				ORGANIZATIONNAME = "Reason?";
				TargetAttributes = {
					62728B211C0EB9D200CA8506 = {
						CreatedOnToolsVersion = 7.1.1;
					};
					62728B351C0EB9D200CA8506 = {
						CreatedOnToolsVersion = 7.1.1;
						TestTargetID = 62728B211C0EB9D200CA8506;
					};
					62728B401C0EB9D200CA8506 = {
						CreatedOnToolsVersion = 7.1.1;
						TestTargetID = 62728B211C0EB9D200CA8506;
					};
				};
			};
			buildConfigurationList = 62728B1D1C0EB9D200CA8506 /* Build configuration list for PBXProject "map_kit" */;
			compatibilityVersion = "Xcode 3.2";
			developmentRegion = English;
			hasScannedForEncodings = 0;
			knownRegions = (
				en,
				Base,
			);
			mainGroup = 62728B191C0EB9D200CA8506;
			productRefGroup = 62728B231C0EB9D200CA8506 /* Products */;
			projectDirPath = "";
			projectRoot = "";
			targets = (
				62728B211C0EB9D200CA8506 /* map_kit */,
				62728B351C0EB9D200CA8506 /* map_kitTests */,
				62728B401C0EB9D200CA8506 /* map_kitUITests */,
			);
		};
/* End PBXProject section */

/* Begin PBXResourcesBuildPhase section */
		62728B201C0EB9D200CA8506 /* Resources */ = {
			isa = PBXResourcesBuildPhase;
			buildActionMask = 2147483647;
			files = (
				62728B301C0EB9D200CA8506 /* LaunchScreen.storyboard in Resources */,
				62728B2D1C0EB9D200CA8506 /* Assets.xcassets in Resources */,
				62728B2B1C0EB9D200CA8506 /* Main.storyboard in Resources */,
			);
			runOnlyForDeploymentPostprocessing = 0;
		};
		62728B341C0EB9D200CA8506 /* Resources */ = {
			isa = PBXResourcesBuildPhase;
			buildActionMask = 2147483647;
			files = (
			);
			runOnlyForDeploymentPostprocessing = 0;
		};
		62728B3F1C0EB9D200CA8506 /* Resources */ = {
			isa = PBXResourcesBuildPhase;
			buildActionMask = 2147483647;
			files = (
			);
			runOnlyForDeploymentPostprocessing = 0;
		};
/* End PBXResourcesBuildPhase section */

/* Begin PBXSourcesBuildPhase section */
		62728B1E1C0EB9D200CA8506 /* Sources */ = {
			isa = PBXSourcesBuildPhase;
			buildActionMask = 2147483647;
			files = (
				62728B281C0EB9D200CA8506 /* ViewController.swift in Sources */,
				62728B261C0EB9D200CA8506 /* AppDelegate.swift in Sources */,
			);
			runOnlyForDeploymentPostprocessing = 0;
		};
		62728B321C0EB9D200CA8506 /* Sources */ = {
			isa = PBXSourcesBuildPhase;
			buildActionMask = 2147483647;
			files = (
				62728B3B1C0EB9D200CA8506 /* map_kitTests.swift in Sources */,
			);
			runOnlyForDeploymentPostprocessing = 0;
		};
		62728B3D1C0EB9D200CA8506 /* Sources */ = {
			isa = PBXSourcesBuildPhase;
			buildActionMask = 2147483647;
			files = (
				62728B461C0EB9D200CA8506 /* map_kitUITests.swift in Sources */,
			);
			runOnlyForDeploymentPostprocessing = 0;
		};
/* End PBXSourcesBuildPhase section */

/* Begin PBXTargetDependency section */
		62728B381C0EB9D200CA8506 /* PBXTargetDependency */ = {
			isa = PBXTargetDependency;
			target = 62728B211C0EB9D200CA8506 /* map_kit */;
			targetProxy = 62728B371C0EB9D200CA8506 /* PBXContainerItemProxy */;
		};
		62728B431C0EB9D200CA8506 /* PBXTargetDependency */ = {
			isa = PBXTargetDependency;
			target = 62728B211C0EB9D200CA8506 /* map_kit */;
			targetProxy = 62728B421C0EB9D200CA8506 /* PBXContainerItemProxy */;
		};
/* End PBXTargetDependency section */

/* Begin PBXVariantGroup section */
		62728B291C0EB9D200CA8506 /* Main.storyboard */ = {
			isa = PBXVariantGroup;
			children = (
				62728B2A1C0EB9D200CA8506 /* Base */,
			);
			name = Main.storyboard;
			sourceTree = "<group>";
		};
		62728B2E1C0EB9D200CA8506 /* LaunchScreen.storyboard */ = {
			isa = PBXVariantGroup;
			children = (
				62728B2F1C0EB9D200CA8506 /* Base */,
			);
			name = LaunchScreen.storyboard;
			sourceTree = "<group>";
		};
/* End PBXVariantGroup section */

/* Begin XCBuildConfiguration section */
		62728B481C0EB9D200CA8506 /* Debug */ = {
			isa = XCBuildConfiguration;
			buildSettings = {
				ALWAYS_SEARCH_USER_PATHS = NO;
				CLANG_CXX_LANGUAGE_STANDARD = "gnu++0x";
				CLANG_CXX_LIBRARY = "libc++";
				CLANG_ENABLE_MODULES = YES;
				CLANG_ENABLE_OBJC_ARC = YES;
				CLANG_WARN_BOOL_CONVERSION = YES;
				CLANG_WARN_CONSTANT_CONVERSION = YES;
				CLANG_WARN_DIRECT_OBJC_ISA_USAGE = YES_ERROR;
				CLANG_WARN_EMPTY_BODY = YES;
				CLANG_WARN_ENUM_CONVERSION = YES;
				CLANG_WARN_INT_CONVERSION = YES;
				CLANG_WARN_OBJC_ROOT_CLASS = YES_ERROR;
				CLANG_WARN_UNREACHABLE_CODE = YES;
				CLANG_WARN__DUPLICATE_METHOD_MATCH = YES;
				"CODE_SIGN_IDENTITY[sdk=iphoneos*]" = "iPhone Developer";
				COPY_PHASE_STRIP = NO;
				DEBUG_INFORMATION_FORMAT = dwarf;
				ENABLE_STRICT_OBJC_MSGSEND = YES;
				ENABLE_TESTABILITY = YES;
				GCC_C_LANGUAGE_STANDARD = gnu99;
				GCC_DYNAMIC_NO_PIC = NO;
				GCC_NO_COMMON_BLOCKS = YES;
				GCC_OPTIMIZATION_LEVEL = 0;
				GCC_PREPROCESSOR_DEFINITIONS = (
					"DEBUG=1",
					"$(inherited)",
				);
				GCC_WARN_64_TO_32_BIT_CONVERSION = YES;
				GCC_WARN_ABOUT_RETURN_TYPE = YES_ERROR;
				GCC_WARN_UNDECLARED_SELECTOR = YES;
				GCC_WARN_UNINITIALIZED_AUTOS = YES_AGGRESSIVE;
				GCC_WARN_UNUSED_FUNCTION = YES;
				GCC_WARN_UNUSED_VARIABLE = YES;
				IPHONEOS_DEPLOYMENT_TARGET = 9.1;
				MTL_ENABLE_DEBUG_INFO = YES;
				ONLY_ACTIVE_ARCH = YES;
				SDKROOT = iphoneos;
				SWIFT_OPTIMIZATION_LEVEL = "-Onone";
				TARGETED_DEVICE_FAMILY = "1,2";
			};
			name = Debug;
		};
		62728B491C0EB9D200CA8506 /* Release */ = {
			isa = XCBuildConfiguration;
			buildSettings = {
				ALWAYS_SEARCH_USER_PATHS = NO;
				CLANG_CXX_LANGUAGE_STANDARD = "gnu++0x";
				CLANG_CXX_LIBRARY = "libc++";
				CLANG_ENABLE_MODULES = YES;
				CLANG_ENABLE_OBJC_ARC = YES;
				CLANG_WARN_BOOL_CONVERSION = YES;
				CLANG_WARN_CONSTANT_CONVERSION = YES;
				CLANG_WARN_DIRECT_OBJC_ISA_USAGE = YES_ERROR;
				CLANG_WARN_EMPTY_BODY = YES;
				CLANG_WARN_ENUM_CONVERSION = YES;
				CLANG_WARN_INT_CONVERSION = YES;
				CLANG_WARN_OBJC_ROOT_CLASS = YES_ERROR;
				CLANG_WARN_UNREACHABLE_CODE = YES;
				CLANG_WARN__DUPLICATE_METHOD_MATCH = YES;
				"CODE_SIGN_IDENTITY[sdk=iphoneos*]" = "iPhone Developer";
				COPY_PHASE_STRIP = NO;
				DEBUG_INFORMATION_FORMAT = "dwarf-with-dsym";
				ENABLE_NS_ASSERTIONS = NO;
				ENABLE_STRICT_OBJC_MSGSEND = YES;
				GCC_C_LANGUAGE_STANDARD = gnu99;
				GCC_NO_COMMON_BLOCKS = YES;
				GCC_WARN_64_TO_32_BIT_CONVERSION = YES;
				GCC_WARN_ABOUT_RETURN_TYPE = YES_ERROR;
				GCC_WARN_UNDECLARED_SELECTOR = YES;
				GCC_WARN_UNINITIALIZED_AUTOS = YES_AGGRESSIVE;
				GCC_WARN_UNUSED_FUNCTION = YES;
				GCC_WARN_UNUSED_VARIABLE = YES;
				IPHONEOS_DEPLOYMENT_TARGET = 9.1;
				MTL_ENABLE_DEBUG_INFO = NO;
				SDKROOT = iphoneos;
				TARGETED_DEVICE_FAMILY = "1,2";
				VALIDATE_PRODUCT = YES;
			};
			name = Release;
		};
		62728B4B1C0EB9D200CA8506 /* Debug */ = {
			isa = XCBuildConfiguration;
			buildSettings = {
				ASSETCATALOG_COMPILER_APPICON_NAME = AppIcon;
				INFOPLIST_FILE = map_kit/Info.plist;
				LD_RUNPATH_SEARCH_PATHS = "$(inherited) @executable_path/Frameworks";
				PRODUCT_BUNDLE_IDENTIFIER = "ukohank517.map-kit";
				PRODUCT_NAME = "$(TARGET_NAME)";
			};
			name = Debug;
		};
		62728B4C1C0EB9D200CA8506 /* Release */ = {
			isa = XCBuildConfiguration;
			buildSettings = {
				ASSETCATALOG_COMPILER_APPICON_NAME = AppIcon;
				INFOPLIST_FILE = map_kit/Info.plist;
				LD_RUNPATH_SEARCH_PATHS = "$(inherited) @executable_path/Frameworks";
				PRODUCT_BUNDLE_IDENTIFIER = "ukohank517.map-kit";
				PRODUCT_NAME = "$(TARGET_NAME)";
			};
			name = Release;
		};
		62728B4E1C0EB9D200CA8506 /* Debug */ = {
			isa = XCBuildConfiguration;
			buildSettings = {
				BUNDLE_LOADER = "$(TEST_HOST)";
				INFOPLIST_FILE = map_kitTests/Info.plist;
				LD_RUNPATH_SEARCH_PATHS = "$(inherited) @executable_path/Frameworks @loader_path/Frameworks";
				PRODUCT_BUNDLE_IDENTIFIER = "ukohank517.map-kitTests";
				PRODUCT_NAME = "$(TARGET_NAME)";
				TEST_HOST = "$(BUILT_PRODUCTS_DIR)/map_kit.app/map_kit";
			};
			name = Debug;
		};
		62728B4F1C0EB9D200CA8506 /* Release */ = {
			isa = XCBuildConfiguration;
			buildSettings = {
				BUNDLE_LOADER = "$(TEST_HOST)";
				INFOPLIST_FILE = map_kitTests/Info.plist;
				LD_RUNPATH_SEARCH_PATHS = "$(inherited) @executable_path/Frameworks @loader_path/Frameworks";
				PRODUCT_BUNDLE_IDENTIFIER = "ukohank517.map-kitTests";
				PRODUCT_NAME = "$(TARGET_NAME)";
				TEST_HOST = "$(BUILT_PRODUCTS_DIR)/map_kit.app/map_kit";
			};
			name = Release;
		};
		62728B511C0EB9D200CA8506 /* Debug */ = {
			isa = XCBuildConfiguration;
			buildSettings = {
				INFOPLIST_FILE = map_kitUITests/Info.plist;
				LD_RUNPATH_SEARCH_PATHS = "$(inherited) @executable_path/Frameworks @loader_path/Frameworks";
				PRODUCT_BUNDLE_IDENTIFIER = "ukohank517.map-kitUITests";
				PRODUCT_NAME = "$(TARGET_NAME)";
				TEST_TARGET_NAME = map_kit;
				USES_XCTRUNNER = YES;
			};
			name = Debug;
		};
		62728B521C0EB9D200CA8506 /* Release */ = {
			isa = XCBuildConfiguration;
			buildSettings = {
				INFOPLIST_FILE = map_kitUITests/Info.plist;
				LD_RUNPATH_SEARCH_PATHS = "$(inherited) @executable_path/Frameworks @loader_path/Frameworks";
				PRODUCT_BUNDLE_IDENTIFIER = "ukohank517.map-kitUITests";
				PRODUCT_NAME = "$(TARGET_NAME)";
				TEST_TARGET_NAME = map_kit;
				USES_XCTRUNNER = YES;
			};
			name = Release;
		};
/* End XCBuildConfiguration section */

/* Begin XCConfigurationList section */
		62728B1D1C0EB9D200CA8506 /* Build configuration list for PBXProject "map_kit" */ = {
			isa = XCConfigurationList;
			buildConfigurations = (
				62728B481C0EB9D200CA8506 /* Debug */,
				62728B491C0EB9D200CA8506 /* Release */,
			);
			defaultConfigurationIsVisible = 0;
			defaultConfigurationName = Release;
		};
		62728B4A1C0EB9D200CA8506 /* Build configuration list for PBXNativeTarget "map_kit" */ = {
			isa = XCConfigurationList;
			buildConfigurations = (
				62728B4B1C0EB9D200CA8506 /* Debug */,
				62728B4C1C0EB9D200CA8506 /* Release */,
			);
			defaultConfigurationIsVisible = 0;
		};
		62728B4D1C0EB9D200CA8506 /* Build configuration list for PBXNativeTarget "map_kitTests" */ = {
			isa = XCConfigurationList;
			buildConfigurations = (
				62728B4E1C0EB9D200CA8506 /* Debug */,
				62728B4F1C0EB9D200CA8506 /* Release */,
			);
			defaultConfigurationIsVisible = 0;
		};
		62728B501C0EB9D200CA8506 /* Build configuration list for PBXNativeTarget "map_kitUITests" */ = {
			isa = XCConfigurationList;
			buildConfigurations = (
				62728B511C0EB9D200CA8506 /* Debug */,
				62728B521C0EB9D200CA8506 /* Release */,
			);
			defaultConfigurationIsVisible = 0;
		};
/* End XCConfigurationList section */
	};
	rootObject = 62728B1A1C0EB9D200CA8506 /* Project object */;
}
